
Microsoft Visual Studio Solution File, Format Version 12.00
# Visual Studio Version 17
VisualStudioVersion = 17.14.36915.13 d17.14
MinimumVisualStudioVersion = 10.0.40219.1
Project("{8BC9CEB8-8B4A-11D0-8D11-00A0C91BC942}") = "semester 2 project", "semester 2 project.vcxproj", "{55916D53-8137-43BA-B4E6-E0F669B0988E}"
EndProject
Global
	GlobalSection(SolutionConfigurationPlatforms) = preSolution
		Debug|x64 = Debug|x64
		Debug|x86 = Debug|x86
		Release|x64 = Release|x64
		Release|x86 = Release|x86
	EndGlobalSection
	GlobalSection(ProjectConfigurationPlatforms) = postSolution
		{55916D53-8137-43BA-B4E6-E0F669B0988E}.Debug|x64.ActiveCfg = Debug|x64
		{55916D53-8137-43BA-B4E6-E0F669B0988E}.Debug|x64.Build.0 = Debug|x64
		{55916D53-8137-43BA-B4E6-E0F669B0988E}.Debug|x86.ActiveCfg = Debug|Win32
		{55916D53-8137-43BA-B4E6-E0F669B0988E}.Debug|x86.Build.0 = Debug|Win32
		{55916D53-8137-43BA-B4E6-E0F669B0988E}.Release|x64.ActiveCfg = Release|x64
		{55916D53-8137-43BA-B4E6-E0F669B0988E}.Release|x64.Build.0 = Release|x64
		{55916D53-8137-43BA-B4E6-E0F669B0988E}.Release|x86.ActiveCfg = Release|Win32
		{55916D53-8137-43BA-B4E6-E0F669B0988E}.Release|x86.Build.0 = Release|Win32
	EndGlobalSection
	GlobalSection(SolutionProperties) = preSolution
		HideSolutionNode = FALSE
	EndGlobalSection
	GlobalSection(ExtensibilityGlobals) = postSolution
		SolutionGuid = {38F5D7E6-2D57-49DC-950E-DFF7C80A0AF8}
	EndGlobalSection
EndGlobal
